// !$*UTF8*$!
{
	archiveVersion = 1;
	classes = {
	};
	objectVersion = 56;
	objects = {

/* Begin PBXBuildFile section */
		66F092DA2BB0479D00CAC26D /* AppDelegate.swift in Sources */ = {isa = PBXBuildFile; fileRef = 66F092D92BB0479D00CAC26D /* AppDelegate.swift */; };
		66F092DC2BB0479D00CAC26D /* SceneDelegate.swift in Sources */ = {isa = PBXBuildFile; fileRef = 66F092DB2BB0479D00CAC26D /* SceneDelegate.swift */; };
		66F092DE2BB0479D00CAC26D /* ViewController.swift in Sources */ = {isa = PBXBuildFile; fileRef = 66F092DD2BB0479D00CAC26D /* ViewController.swift */; };
		66F092E12BB0479D00CAC26D /* Main.storyboard in Resources */ = {isa = PBXBuildFile; fileRef = 66F092DF2BB0479D00CAC26D /* Main.storyboard */; };
		66F092E32BB0479E00CAC26D /* Assets.xcassets in Resources */ = {isa = PBXBuildFile; fileRef = 66F092E22BB0479E00CAC26D /* Assets.xcassets */; };
		66F092E62BB0479E00CAC26D /* LaunchScreen.storyboard in Resources */ = {isa = PBXBuildFile; fileRef = 66F092E42BB0479E00CAC26D /* LaunchScreen.storyboard */; };
		66F092F12BB0479E00CAC26D /* BooksUIKitTests.swift in Sources */ = {isa = PBXBuildFile; fileRef = 66F092F02BB0479E00CAC26D /* BooksUIKitTests.swift */; };
		66F092FB2BB0479E00CAC26D /* BooksUIKitUITests.swift in Sources */ = {isa = PBXBuildFile; fileRef = 66F092FA2BB0479E00CAC26D /* BooksUIKitUITests.swift */; };
		66F092FD2BB0479E00CAC26D /* BooksUIKitUITestsLaunchTests.swift in Sources */ = {isa = PBXBuildFile; fileRef = 66F092FC2BB0479E00CAC26D /* BooksUIKitUITestsLaunchTests.swift */; };
		66F093432BB1942500CAC26D /* MyCollectionViewCell.swift in Sources */ = {isa = PBXBuildFile; fileRef = 66F093412BB1942500CAC26D /* MyCollectionViewCell.swift */; };
		66F093442BB1942500CAC26D /* MyCollectionViewCell.xib in Resources */ = {isa = PBXBuildFile; fileRef = 66F093422BB1942500CAC26D /* MyCollectionViewCell.xib */; };
/* End PBXBuildFile section */

/* Begin PBXContainerItemProxy section */
		66F092ED2BB0479E00CAC26D /* PBXContainerItemProxy */ = {
			isa = PBXContainerItemProxy;
			containerPortal = 66F092CE2BB0479D00CAC26D /* Project object */;
			proxyType = 1;
			remoteGlobalIDString = 66F092D52BB0479D00CAC26D;
			remoteInfo = BooksUIKit;
		};
		66F092F72BB0479E00CAC26D /* PBXContainerItemProxy */ = {
			isa = PBXContainerItemProxy;
			containerPortal = 66F092CE2BB0479D00CAC26D /* Project object */;
			proxyType = 1;
			remoteGlobalIDString = 66F092D52BB0479D00CAC26D;
			remoteInfo = BooksUIKit;
		};
/* End PBXContainerItemProxy section */

/* Begin PBXFileReference section */
		66F092D62BB0479D00CAC26D /* BooksUIKit.app */ = {isa = PBXFileReference; explicitFileType = wrapper.application; includeInIndex = 0; path = BooksUIKit.app; sourceTree = BUILT_PRODUCTS_DIR; };
		66F092D92BB0479D00CAC26D /* AppDelegate.swift */ = {isa = PBXFileReference; lastKnownFileType = sourcecode.swift; path = AppDelegate.swift; sourceTree = "<group>"; };
		66F092DB2BB0479D00CAC26D /* SceneDelegate.swift */ = {isa = PBXFileReference; lastKnownFileType = sourcecode.swift; path = SceneDelegate.swift; sourceTree = "<group>"; };
		66F092DD2BB0479D00CAC26D /* ViewController.swift */ = {isa = PBXFileReference; lastKnownFileType = sourcecode.swift; path = ViewController.swift; sourceTree = "<group>"; };
		66F092E02BB0479D00CAC26D /* Base */ = {isa = PBXFileReference; lastKnownFileType = file.storyboard; name = Base; path = Base.lproj/Main.storyboard; sourceTree = "<group>"; };
		66F092E22BB0479E00CAC26D /* Assets.xcassets */ = {isa = PBXFileReference; lastKnownFileType = folder.assetcatalog; path = Assets.xcassets; sourceTree = "<group>"; };
		66F092E52BB0479E00CAC26D /* Base */ = {isa = PBXFileReference; lastKnownFileType = file.storyboard; name = Base; path = Base.lproj/LaunchScreen.storyboard; sourceTree = "<group>"; };
		66F092E72BB0479E00CAC26D /* Info.plist */ = {isa = PBXFileReference; lastKnownFileType = text.plist.xml; path = Info.plist; sourceTree = "<group>"; };
		66F092EC2BB0479E00CAC26D /* BooksUIKitTests.xctest */ = {isa = PBXFileReference; explicitFileType = wrapper.cfbundle; includeInIndex = 0; path = BooksUIKitTests.xctest; sourceTree = BUILT_PRODUCTS_DIR; };
		66F092F02BB0479E00CAC26D /* BooksUIKitTests.swift */ = {isa = PBXFileReference; lastKnownFileType = sourcecode.swift; path = BooksUIKitTests.swift; sourceTree = "<group>"; };
		66F092F62BB0479E00CAC26D /* BooksUIKitUITests.xctest */ = {isa = PBXFileReference; explicitFileType = wrapper.cfbundle; includeInIndex = 0; path = BooksUIKitUITests.xctest; sourceTree = BUILT_PRODUCTS_DIR; };
		66F092FA2BB0479E00CAC26D /* BooksUIKitUITests.swift */ = {isa = PBXFileReference; lastKnownFileType = sourcecode.swift; path = BooksUIKitUITests.swift; sourceTree = "<group>"; };
		66F092FC2BB0479E00CAC26D /* BooksUIKitUITestsLaunchTests.swift */ = {isa = PBXFileReference; lastKnownFileType = sourcecode.swift; path = BooksUIKitUITestsLaunchTests.swift; sourceTree = "<group>"; };
		66F093412BB1942500CAC26D /* MyCollectionViewCell.swift */ = {isa = PBXFileReference; lastKnownFileType = sourcecode.swift; path = MyCollectionViewCell.swift; sourceTree = "<group>"; };
		66F093422BB1942500CAC26D /* MyCollectionViewCell.xib */ = {isa = PBXFileReference; lastKnownFileType = file.xib; path = MyCollectionViewCell.xib; sourceTree = "<group>"; };
/* End PBXFileReference section */

/* Begin PBXFrameworksBuildPhase section */
		66F092D32BB0479D00CAC26D /* Frameworks */ = {
			isa = PBXFrameworksBuildPhase;
			buildActionMask = 2147483647;
			files = (
			);
			runOnlyForDeploymentPostprocessing = 0;
		};
		66F092E92BB0479E00CAC26D /* Frameworks */ = {
			isa = PBXFrameworksBuildPhase;
			buildActionMask = 2147483647;
			files = (
			);
			runOnlyForDeploymentPostprocessing = 0;
		};
		66F092F32BB0479E00CAC26D /* Frameworks */ = {
			isa = PBXFrameworksBuildPhase;
			buildActionMask = 2147483647;
			files = (
			);
			runOnlyForDeploymentPostprocessing = 0;
		};
/* End PBXFrameworksBuildPhase section */

/* Begin PBXGroup section */
		66F092CD2BB0479D00CAC26D = {
			isa = PBXGroup;
			children = (
				66F092D82BB0479D00CAC26D /* BooksUIKit */,
				66F092EF2BB0479E00CAC26D /* BooksUIKitTests */,
				66F092F92BB0479E00CAC26D /* BooksUIKitUITests */,
				66F092D72BB0479D00CAC26D /* Products */,
			);
			sourceTree = "<group>";
		};
		66F092D72BB0479D00CAC26D /* Products */ = {
			isa = PBXGroup;
			children = (
				66F092D62BB0479D00CAC26D /* BooksUIKit.app */,
				66F092EC2BB0479E00CAC26D /* BooksUIKitTests.xctest */,
				66F092F62BB0479E00CAC26D /* BooksUIKitUITests.xctest */,
			);
			name = Products;
			sourceTree = "<group>";
		};
		66F092D82BB0479D00CAC26D /* BooksUIKit */ = {
			isa = PBXGroup;
			children = (
				66F092D92BB0479D00CAC26D /* AppDelegate.swift */,
				66F092DB2BB0479D00CAC26D /* SceneDelegate.swift */,
				66F092DD2BB0479D00CAC26D /* ViewController.swift */,
				66F092DF2BB0479D00CAC26D /* Main.storyboard */,
				66F092E22BB0479E00CAC26D /* Assets.xcassets */,
				66F093412BB1942500CAC26D /* MyCollectionViewCell.swift */,
				66F093422BB1942500CAC26D /* MyCollectionViewCell.xib */,
				66F092E42BB0479E00CAC26D /* LaunchScreen.storyboard */,
				66F092E72BB0479E00CAC26D /* Info.plist */,
			);
			path = BooksUIKit;
			sourceTree = "<group>";
		};
		66F092EF2BB0479E00CAC26D /* BooksUIKitTests */ = {
			isa = PBXGroup;
			children = (
				66F092F02BB0479E00CAC26D /* BooksUIKitTests.swift */,
			);
			path = BooksUIKitTests;
			sourceTree = "<group>";
		};
		66F092F92BB0479E00CAC26D /* BooksUIKitUITests */ = {
			isa = PBXGroup;
			children = (
				66F092FA2BB0479E00CAC26D /* BooksUIKitUITests.swift */,
				66F092FC2BB0479E00CAC26D /* BooksUIKitUITestsLaunchTests.swift */,
			);
			path = BooksUIKitUITests;
			sourceTree = "<group>";
		};
/* End PBXGroup section */

/* Begin PBXNativeTarget section */
		66F092D52BB0479D00CAC26D /* BooksUIKit */ = {
			isa = PBXNativeTarget;
			buildConfigurationList = 66F093002BB0479E00CAC26D /* Build configuration list for PBXNativeTarget "BooksUIKit" */;
			buildPhases = (
				66F092D22BB0479D00CAC26D /* Sources */,
				66F092D32BB0479D00CAC26D /* Frameworks */,
				66F092D42BB0479D00CAC26D /* Resources */,
			);
			buildRules = (
			);
			dependencies = (
			);
			name = BooksUIKit;
			productName = BooksUIKit;
			productReference = 66F092D62BB0479D00CAC26D /* BooksUIKit.app */;
			productType = "com.apple.product-type.application";
		};
		66F092EB2BB0479E00CAC26D /* BooksUIKitTests */ = {
			isa = PBXNativeTarget;
			buildConfigurationList = 66F093032BB0479E00CAC26D /* Build configuration list for PBXNativeTarget "BooksUIKitTests" */;
			buildPhases = (
				66F092E82BB0479E00CAC26D /* Sources */,
				66F092E92BB0479E00CAC26D /* Frameworks */,
				66F092EA2BB0479E00CAC26D /* Resources */,
			);
			buildRules = (
			);
			dependencies = (
				66F092EE2BB0479E00CAC26D /* PBXTargetDependency */,
			);
			name = BooksUIKitTests;
			productName = BooksUIKitTests;
			productReference = 66F092EC2BB0479E00CAC26D /* BooksUIKitTests.xctest */;
			productType = "com.apple.product-type.bundle.unit-test";
		};
		66F092F52BB0479E00CAC26D /* BooksUIKitUITests */ = {
			isa = PBXNativeTarget;
			buildConfigurationList = 66F093062BB0479E00CAC26D /* Build configuration list for PBXNativeTarget "BooksUIKitUITests" */;
			buildPhases = (
				66F092F22BB0479E00CAC26D /* Sources */,
				66F092F32BB0479E00CAC26D /* Frameworks */,
				66F092F42BB0479E00CAC26D /* Resources */,
			);
			buildRules = (
			);
			dependencies = (
				66F092F82BB0479E00CAC26D /* PBXTargetDependency */,
			);
			name = BooksUIKitUITests;
			productName = BooksUIKitUITests;
			productReference = 66F092F62BB0479E00CAC26D /* BooksUIKitUITests.xctest */;
			productType = "com.apple.product-type.bundle.ui-testing";
		};
/* End PBXNativeTarget section */

/* Begin PBXProject section */
		66F092CE2BB0479D00CAC26D /* Project object */ = {
			isa = PBXProject;
			attributes = {
				BuildIndependentTargetsInParallel = 1;
				LastSwiftUpdateCheck = 1500;
				LastUpgradeCheck = 1500;
				TargetAttributes = {
					66F092D52BB0479D00CAC26D = {
						CreatedOnToolsVersion = 15.0;
					};
					66F092EB2BB0479E00CAC26D = {
						CreatedOnToolsVersion = 15.0;
						TestTargetID = 66F092D52BB0479D00CAC26D;
					};
					66F092F52BB0479E00CAC26D = {
						CreatedOnToolsVersion = 15.0;
						TestTargetID = 66F092D52BB0479D00CAC26D;
					};
				};
			};
			buildConfigurationList = 66F092D12BB0479D00CAC26D /* Build configuration list for PBXProject "BooksUIKit" */;
			compatibilityVersion = "Xcode 14.0";
			developmentRegion = en;
			hasScannedForEncodings = 0;
			knownRegions = (
				en,
				Base,
			);
			mainGroup = 66F092CD2BB0479D00CAC26D;
			productRefGroup = 66F092D72BB0479D00CAC26D /* Products */;
			projectDirPath = "";
			projectRoot = "";
			targets = (
				66F092D52BB0479D00CAC26D /* BooksUIKit */,
				66F092EB2BB0479E00CAC26D /* BooksUIKitTests */,
				66F092F52BB0479E00CAC26D /* BooksUIKitUITests */,
			);
		};
/* End PBXProject section */

/* Begin PBXResourcesBuildPhase section */
		66F092D42BB0479D00CAC26D /* Resources */ = {
			isa = PBXResourcesBuildPhase;
			buildActionMask = 2147483647;
			files = (
				66F092E62BB0479E00CAC26D /* LaunchScreen.storyboard in Resources */,
				66F092E32BB0479E00CAC26D /* Assets.xcassets in Resources */,
				66F093442BB1942500CAC26D /* MyCollectionViewCell.xib in Resources */,
				66F092E12BB0479D00CAC26D /* Main.storyboard in Resources */,
			);
			runOnlyForDeploymentPostprocessing = 0;
		};
		66F092EA2BB0479E00CAC26D /* Resources */ = {
			isa = PBXResourcesBuildPhase;
			buildActionMask = 2147483647;
			files = (
			);
			runOnlyForDeploymentPostprocessing = 0;
		};
		66F092F42BB0479E00CAC26D /* Resources */ = {
			isa = PBXResourcesBuildPhase;
			buildActionMask = 2147483647;
			files = (
			);
			runOnlyForDeploymentPostprocessing = 0;
		};
/* End PBXResourcesBuildPhase section */

/* Begin PBXSourcesBuildPhase section */
		66F092D22BB0479D00CAC26D /* Sources */ = {
			isa = PBXSourcesBuildPhase;
			buildActionMask = 2147483647;
			files = (
				66F092DE2BB0479D00CAC26D /* ViewController.swift in Sources */,
				66F092DA2BB0479D00CAC26D /* AppDelegate.swift in Sources */,
				66F093432BB1942500CAC26D /* MyCollectionViewCell.swift in Sources */,
				66F092DC2BB0479D00CAC26D /* SceneDelegate.swift in Sources */,
			);
			runOnlyForDeploymentPostprocessing = 0;
		};
		66F092E82BB0479E00CAC26D /* Sources */ = {
			isa = PBXSourcesBuildPhase;
			buildActionMask = 2147483647;
			files = (
				66F092F12BB0479E00CAC26D /* BooksUIKitTests.swift in Sources */,
			);
			runOnlyForDeploymentPostprocessing = 0;
		};
		66F092F22BB0479E00CAC26D /* Sources */ = {
			isa = PBXSourcesBuildPhase;
			buildActionMask = 2147483647;
			files = (
				66F092FD2BB0479E00CAC26D /* BooksUIKitUITestsLaunchTests.swift in Sources */,
				66F092FB2BB0479E00CAC26D /* BooksUIKitUITests.swift in Sources */,
			);
			runOnlyForDeploymentPostprocessing = 0;
		};
/* End PBXSourcesBuildPhase section */

/* Begin PBXTargetDependency section */
		66F092EE2BB0479E00CAC26D /* PBXTargetDependency */ = {
			isa = PBXTargetDependency;
			target = 66F092D52BB0479D00CAC26D /* BooksUIKit */;
			targetProxy = 66F092ED2BB0479E00CAC26D /* PBXContainerItemProxy */;
		};
		66F092F82BB0479E00CAC26D /* PBXTargetDependency */ = {
			isa = PBXTargetDependency;
			target = 66F092D52BB0479D00CAC26D /* BooksUIKit */;
			targetProxy = 66F092F72BB0479E00CAC26D /* PBXContainerItemProxy */;
		};
/* End PBXTargetDependency section */

/* Begin PBXVariantGroup section */
		66F092DF2BB0479D00CAC26D /* Main.storyboard */ = {
			isa = PBXVariantGroup;
			children = (
				66F092E02BB0479D00CAC26D /* Base */,
			);
			name = Main.storyboard;
			sourceTree = "<group>";
		};
		66F092E42BB0479E00CAC26D /* LaunchScreen.storyboard */ = {
			isa = PBXVariantGroup;
			children = (
				66F092E52BB0479E00CAC26D /* Base */,
			);
			name = LaunchScreen.storyboard;
			sourceTree = "<group>";
		};
/* End PBXVariantGroup section */

/* Begin XCBuildConfiguration section */
		66F092FE2BB0479E00CAC26D /* Debug */ = {
			isa = XCBuildConfiguration;
			buildSettings = {
				ALWAYS_SEARCH_USER_PATHS = NO;
				ASSETCATALOG_COMPILER_GENERATE_SWIFT_ASSET_SYMBOL_EXTENSIONS = YES;
				CLANG_ANALYZER_NONNULL = YES;
				CLANG_ANALYZER_NUMBER_OBJECT_CONVERSION = YES_AGGRESSIVE;
				CLANG_CXX_LANGUAGE_STANDARD = "gnu++20";
				CLANG_ENABLE_MODULES = YES;
				CLANG_ENABLE_OBJC_ARC = YES;
				CLANG_ENABLE_OBJC_WEAK = YES;
				CLANG_WARN_BLOCK_CAPTURE_AUTORELEASING = YES;
				CLANG_WARN_BOOL_CONVERSION = YES;
				CLANG_WARN_COMMA = YES;
				CLANG_WARN_CONSTANT_CONVERSION = YES;
				CLANG_WARN_DEPRECATED_OBJC_IMPLEMENTATIONS = YES;
				CLANG_WARN_DIRECT_OBJC_ISA_USAGE = YES_ERROR;
				CLANG_WARN_DOCUMENTATION_COMMENTS = YES;
				CLANG_WARN_EMPTY_BODY = YES;
				CLANG_WARN_ENUM_CONVERSION = YES;
				CLANG_WARN_INFINITE_RECURSION = YES;
				CLANG_WARN_INT_CONVERSION = YES;
				CLANG_WARN_NON_LITERAL_NULL_CONVERSION = YES;
				CLANG_WARN_OBJC_IMPLICIT_RETAIN_SELF = YES;
				CLANG_WARN_OBJC_LITERAL_CONVERSION = YES;
				CLANG_WARN_OBJC_ROOT_CLASS = YES_ERROR;
				CLANG_WARN_QUOTED_INCLUDE_IN_FRAMEWORK_HEADER = YES;
				CLANG_WARN_RANGE_LOOP_ANALYSIS = YES;
				CLANG_WARN_STRICT_PROTOTYPES = YES;
				CLANG_WARN_SUSPICIOUS_MOVE = YES;
				CLANG_WARN_UNGUARDED_AVAILABILITY = YES_AGGRESSIVE;
				CLANG_WARN_UNREACHABLE_CODE = YES;
				CLANG_WARN__DUPLICATE_METHOD_MATCH = YES;
				COPY_PHASE_STRIP = NO;
				DEBUG_INFORMATION_FORMAT = dwarf;
				ENABLE_STRICT_OBJC_MSGSEND = YES;
				ENABLE_TESTABILITY = YES;
				ENABLE_USER_SCRIPT_SANDBOXING = YES;
				GCC_C_LANGUAGE_STANDARD = gnu17;
				GCC_DYNAMIC_NO_PIC = NO;
				GCC_NO_COMMON_BLOCKS = YES;
				GCC_OPTIMIZATION_LEVEL = 0;
				GCC_PREPROCESSOR_DEFINITIONS = (
					"DEBUG=1",
					"$(inherited)",
				);
				GCC_WARN_64_TO_32_BIT_CONVERSION = YES;
				GCC_WARN_ABOUT_RETURN_TYPE = YES_ERROR;
				GCC_WARN_UNDECLARED_SELECTOR = YES;
				GCC_WARN_UNINITIALIZED_AUTOS = YES_AGGRESSIVE;
				GCC_WARN_UNUSED_FUNCTION = YES;
				GCC_WARN_UNUSED_VARIABLE = YES;
				IPHONEOS_DEPLOYMENT_TARGET = 17.0;
				LOCALIZATION_PREFERS_STRING_CATALOGS = YES;
				MTL_ENABLE_DEBUG_INFO = INCLUDE_SOURCE;
				MTL_FAST_MATH = YES;
				ONLY_ACTIVE_ARCH = YES;
				SDKROOT = iphoneos;
				SWIFT_ACTIVE_COMPILATION_CONDITIONS = "DEBUG $(inherited)";
				SWIFT_OPTIMIZATION_LEVEL = "-Onone";
			};
			name = Debug;
		};
		66F092FF2BB0479E00CAC26D /* Release */ = {
			isa = XCBuildConfiguration;
			buildSettings = {
				ALWAYS_SEARCH_USER_PATHS = NO;
				ASSETCATALOG_COMPILER_GENERATE_SWIFT_ASSET_SYMBOL_EXTENSIONS = YES;
				CLANG_ANALYZER_NONNULL = YES;
				CLANG_ANALYZER_NUMBER_OBJECT_CONVERSION = YES_AGGRESSIVE;
				CLANG_CXX_LANGUAGE_STANDARD = "gnu++20";
				CLANG_ENABLE_MODULES = YES;
				CLANG_ENABLE_OBJC_ARC = YES;
				CLANG_ENABLE_OBJC_WEAK = YES;
				CLANG_WARN_BLOCK_CAPTURE_AUTORELEASING = YES;
				CLANG_WARN_BOOL_CONVERSION = YES;
				CLANG_WARN_COMMA = YES;
				CLANG_WARN_CONSTANT_CONVERSION = YES;
				CLANG_WARN_DEPRECATED_OBJC_IMPLEMENTATIONS = YES;
				CLANG_WARN_DIRECT_OBJC_ISA_USAGE = YES_ERROR;
				CLANG_WARN_DOCUMENTATION_COMMENTS = YES;
				CLANG_WARN_EMPTY_BODY = YES;
				CLANG_WARN_ENUM_CONVERSION = YES;
				CLANG_WARN_INFINITE_RECURSION = YES;
				CLANG_WARN_INT_CONVERSION = YES;
				CLANG_WARN_NON_LITERAL_NULL_CONVERSION = YES;
				CLANG_WARN_OBJC_IMPLICIT_RETAIN_SELF = YES;
				CLANG_WARN_OBJC_LITERAL_CONVERSION = YES;
				CLANG_WARN_OBJC_ROOT_CLASS = YES_ERROR;
				CLANG_WARN_QUOTED_INCLUDE_IN_FRAMEWORK_HEADER = YES;
				CLANG_WARN_RANGE_LOOP_ANALYSIS = YES;
				CLANG_WARN_STRICT_PROTOTYPES = YES;
				CLANG_WARN_SUSPICIOUS_MOVE = YES;
				CLANG_WARN_UNGUARDED_AVAILABILITY = YES_AGGRESSIVE;
				CLANG_WARN_UNREACHABLE_CODE = YES;
				CLANG_WARN__DUPLICATE_METHOD_MATCH = YES;
				COPY_PHASE_STRIP = NO;
				DEBUG_INFORMATION_FORMAT = "dwarf-with-dsym";
				ENABLE_NS_ASSERTIONS = NO;
				ENABLE_STRICT_OBJC_MSGSEND = YES;
				ENABLE_USER_SCRIPT_SANDBOXING = YES;
				GCC_C_LANGUAGE_STANDARD = gnu17;
				GCC_NO_COMMON_BLOCKS = YES;
				GCC_WARN_64_TO_32_BIT_CONVERSION = YES;
				GCC_WARN_ABOUT_RETURN_TYPE = YES_ERROR;
				GCC_WARN_UNDECLARED_SELECTOR = YES;
				GCC_WARN_UNINITIALIZED_AUTOS = YES_AGGRESSIVE;
				GCC_WARN_UNUSED_FUNCTION = YES;
				GCC_WARN_UNUSED_VARIABLE = YES;
				IPHONEOS_DEPLOYMENT_TARGET = 17.0;
				LOCALIZATION_PREFERS_STRING_CATALOGS = YES;
				MTL_ENABLE_DEBUG_INFO = NO;
				MTL_FAST_MATH = YES;
				SDKROOT = iphoneos;
				SWIFT_COMPILATION_MODE = wholemodule;
				VALIDATE_PRODUCT = YES;
			};
			name = Release;
		};
		66F093012BB0479E00CAC26D /* Debug */ = {
			isa = XCBuildConfiguration;
			buildSettings = {
				ASSETCATALOG_COMPILER_APPICON_NAME = AppIcon;
				ASSETCATALOG_COMPILER_GLOBAL_ACCENT_COLOR_NAME = AccentColor;
				CODE_SIGN_STYLE = Automatic;
				CURRENT_PROJECT_VERSION = 1;
				DEVELOPMENT_TEAM = 56RG6J6GAY;
				GENERATE_INFOPLIST_FILE = YES;
				INFOPLIST_FILE = BooksUIKit/Info.plist;
				INFOPLIST_KEY_UIApplicationSupportsIndirectInputEvents = YES;
				INFOPLIST_KEY_UILaunchStoryboardName = LaunchScreen;
				INFOPLIST_KEY_UIMainStoryboardFile = Main;
				INFOPLIST_KEY_UISupportedInterfaceOrientations_iPad = "UIInterfaceOrientationPortrait UIInterfaceOrientationPortraitUpsideDown UIInterfaceOrientationLandscapeLeft UIInterfaceOrientationLandscapeRight";
				INFOPLIST_KEY_UISupportedInterfaceOrientations_iPhone = "UIInterfaceOrientationPortrait UIInterfaceOrientationLandscapeLeft UIInterfaceOrientationLandscapeRight";
				LD_RUNPATH_SEARCH_PATHS = (
					"$(inherited)",
					"@executable_path/Frameworks",
				);
				MARKETING_VERSION = 1.0;
				PRODUCT_BUNDLE_IDENTIFIER = com.letiziagranata.BooksUIKit;
				PRODUCT_NAME = "$(TARGET_NAME)";
				SWIFT_EMIT_LOC_STRINGS = YES;
				SWIFT_VERSION = 5.0;
				TARGETED_DEVICE_FAMILY = "1,2";
			};
			name = Debug;
		};
		66F093022BB0479E00CAC26D /* Release */ = {
			isa = XCBuildConfiguration;
			buildSettings = {
				ASSETCATALOG_COMPILER_APPICON_NAME = AppIcon;
				ASSETCATALOG_COMPILER_GLOBAL_ACCENT_COLOR_NAME = AccentColor;
				CODE_SIGN_STYLE = Automatic;
				CURRENT_PROJECT_VERSION = 1;
				DEVELOPMENT_TEAM = 56RG6J6GAY;
				GENERATE_INFOPLIST_FILE = YES;
				INFOPLIST_FILE = BooksUIKit/Info.plist;
				INFOPLIST_KEY_UIApplicationSupportsIndirectInputEvents = YES;
				INFOPLIST_KEY_UILaunchStoryboardName = LaunchScreen;
				INFOPLIST_KEY_UIMainStoryboardFile = Main;
				INFOPLIST_KEY_UISupportedInterfaceOrientations_iPad = "UIInterfaceOrientationPortrait UIInterfaceOrientationPortraitUpsideDown UIInterfaceOrientationLandscapeLeft UIInterfaceOrientationLandscapeRight";
				INFOPLIST_KEY_UISupportedInterfaceOrientations_iPhone = "UIInterfaceOrientationPortrait UIInterfaceOrientationLandscapeLeft UIInterfaceOrientationLandscapeRight";
				LD_RUNPATH_SEARCH_PATHS = (
					"$(inherited)",
					"@executable_path/Frameworks",
				);
				MARKETING_VERSION = 1.0;
				PRODUCT_BUNDLE_IDENTIFIER = com.letiziagranata.BooksUIKit;
				PRODUCT_NAME = "$(TARGET_NAME)";
				SWIFT_EMIT_LOC_STRINGS = YES;
				SWIFT_VERSION = 5.0;
				TARGETED_DEVICE_FAMILY = "1,2";
			};
			name = Release;
		};
		66F093042BB0479E00CAC26D /* Debug */ = {
			isa = XCBuildConfiguration;
			buildSettings = {
				ALWAYS_EMBED_SWIFT_STANDARD_LIBRARIES = YES;
				BUNDLE_LOADER = "$(TEST_HOST)";
				CODE_SIGN_STYLE = Automatic;
				CURRENT_PROJECT_VERSION = 1;
				DEVELOPMENT_TEAM = 56RG6J6GAY;
				GENERATE_INFOPLIST_FILE = YES;
				IPHONEOS_DEPLOYMENT_TARGET = 17.0;
				MARKETING_VERSION = 1.0;
				PRODUCT_BUNDLE_IDENTIFIER = com.letiziagranata.BooksUIKitTests;
				PRODUCT_NAME = "$(TARGET_NAME)";
				SWIFT_EMIT_LOC_STRINGS = NO;
				SWIFT_VERSION = 5.0;
				TARGETED_DEVICE_FAMILY = "1,2";
				TEST_HOST = "$(BUILT_PRODUCTS_DIR)/BooksUIKit.app/$(BUNDLE_EXECUTABLE_FOLDER_PATH)/BooksUIKit";
			};
			name = Debug;
		};
		66F093052BB0479E00CAC26D /* Release */ = {
			isa = XCBuildConfiguration;
			buildSettings = {
				ALWAYS_EMBED_SWIFT_STANDARD_LIBRARIES = YES;
				BUNDLE_LOADER = "$(TEST_HOST)";
				CODE_SIGN_STYLE = Automatic;
				CURRENT_PROJECT_VERSION = 1;
				DEVELOPMENT_TEAM = 56RG6J6GAY;
				GENERATE_INFOPLIST_FILE = YES;
				IPHONEOS_DEPLOYMENT_TARGET = 17.0;
				MARKETING_VERSION = 1.0;
				PRODUCT_BUNDLE_IDENTIFIER = com.letiziagranata.BooksUIKitTests;
				PRODUCT_NAME = "$(TARGET_NAME)";
				SWIFT_EMIT_LOC_STRINGS = NO;
				SWIFT_VERSION = 5.0;
				TARGETED_DEVICE_FAMILY = "1,2";
				TEST_HOST = "$(BUILT_PRODUCTS_DIR)/BooksUIKit.app/$(BUNDLE_EXECUTABLE_FOLDER_PATH)/BooksUIKit";
			};
			name = Release;
		};
		66F093072BB0479E00CAC26D /* Debug */ = {
			isa = XCBuildConfiguration;
			buildSettings = {
				ALWAYS_EMBED_SWIFT_STANDARD_LIBRARIES = YES;
				CODE_SIGN_STYLE = Automatic;
				CURRENT_PROJECT_VERSION = 1;
				DEVELOPMENT_TEAM = 56RG6J6GAY;
				GENERATE_INFOPLIST_FILE = YES;
				MARKETING_VERSION = 1.0;
				PRODUCT_BUNDLE_IDENTIFIER = com.letiziagranata.BooksUIKitUITests;
				PRODUCT_NAME = "$(TARGET_NAME)";
				SWIFT_EMIT_LOC_STRINGS = NO;
				SWIFT_VERSION = 5.0;
				TARGETED_DEVICE_FAMILY = "1,2";
				TEST_TARGET_NAME = BooksUIKit;
			};
			name = Debug;
		};
		66F093082BB0479E00CAC26D /* Release */ = {
			isa = XCBuildConfiguration;
			buildSettings = {
				ALWAYS_EMBED_SWIFT_STANDARD_LIBRARIES = YES;
				CODE_SIGN_STYLE = Automatic;
				CURRENT_PROJECT_VERSION = 1;
				DEVELOPMENT_TEAM = 56RG6J6GAY;
				GENERATE_INFOPLIST_FILE = YES;
				MARKETING_VERSION = 1.0;
				PRODUCT_BUNDLE_IDENTIFIER = com.letiziagranata.BooksUIKitUITests;
				PRODUCT_NAME = "$(TARGET_NAME)";
				SWIFT_EMIT_LOC_STRINGS = NO;
				SWIFT_VERSION = 5.0;
				TARGETED_DEVICE_FAMILY = "1,2";
				TEST_TARGET_NAME = BooksUIKit;
			};
			name = Release;
		};
/* End XCBuildConfiguration section */

/* Begin XCConfigurationList section */
		66F092D12BB0479D00CAC26D /* Build configuration list for PBXProject "BooksUIKit" */ = {
			isa = XCConfigurationList;
			buildConfigurations = (
				66F092FE2BB0479E00CAC26D /* Debug */,
				66F092FF2BB0479E00CAC26D /* Release */,
			);
			defaultConfigurationIsVisible = 0;
			defaultConfigurationName = Release;
		};
		66F093002BB0479E00CAC26D /* Build configuration list for PBXNativeTarget "BooksUIKit" */ = {
			isa = XCConfigurationList;
			buildConfigurations = (
				66F093012BB0479E00CAC26D /* Debug */,
				66F093022BB0479E00CAC26D /* Release */,
			);
			defaultConfigurationIsVisible = 0;
			defaultConfigurationName = Release;
		};
		66F093032BB0479E00CAC26D /* Build configuration list for PBXNativeTarget "BooksUIKitTests" */ = {
			isa = XCConfigurationList;
			buildConfigurations = (
				66F093042BB0479E00CAC26D /* Debug */,
				66F093052BB0479E00CAC26D /* Release */,
			);
			defaultConfigurationIsVisible = 0;
			defaultConfigurationName = Release;
		};
		66F093062BB0479E00CAC26D /* Build configuration list for PBXNativeTarget "BooksUIKitUITests" */ = {
			isa = XCConfigurationList;
			buildConfigurations = (
				66F093072BB0479E00CAC26D /* Debug */,
				66F093082BB0479E00CAC26D /* Release */,
			);
			defaultConfigurationIsVisible = 0;
			defaultConfigurationName = Release;
		};
/* End XCConfigurationList section */
	};
	rootObject = 66F092CE2BB0479D00CAC26D /* Project object */;
}
